
Microsoft Visual Studio Solution File, Format Version 12.00
# Visual Studio Version 16
VisualStudioVersion = 16.0.31515.178
MinimumVisualStudioVersion = 10.0.40219.1
Project("{F2A71F9B-5D33-465A-A702-920D77279786}") = "FSharpWeb", "FSharpWeb\FSharpWeb.fsproj", "{0E7EF727-A028-4985-BF94-557902451A24}"
EndProject
Global
	GlobalSection(SolutionConfigurationPlatforms) = preSolution
		Debug|Any CPU = Debug|Any CPU
		Release|Any CPU = Release|Any CPU
	EndGlobalSection
	GlobalSection(ProjectConfigurationPlatforms) = postSolution
		{0E7EF727-A028-4985-BF94-557902451A24}.Debug|Any CPU.ActiveCfg = Debug|Any CPU
		{0E7EF727-A028-4985-BF94-557902451A24}.Debug|Any CPU.Build.0 = Debug|Any CPU
		{0E7EF727-A028-4985-BF94-557902451A24}.Release|Any CPU.ActiveCfg = Release|Any CPU
		{0E7EF727-A028-4985-BF94-557902451A24}.Release|Any CPU.Build.0 = Release|Any CPU
	EndGlobalSection
	GlobalSection(SolutionProperties) = preSolution
		HideSolutionNode = FALSE
	EndGlobalSection
	GlobalSection(ExtensibilityGlobals) = postSolution
		SolutionGuid = {418D6226-4702-460D-BD50-7D0DB7E3D077}
	EndGlobalSection
EndGlobal
